
Microsoft Visual Studio Solution File, Format Version 12.00
# Visual Studio Version 16
VisualStudioVersion = 16.0.31515.178
MinimumVisualStudioVersion = 10.0.40219.1
Project("{FAE04EC0-301F-11D3-BF4B-00C04F79EFBC}") = "Vittighedsmaskinen", "Vittighedsmaskinen\Vittighedsmaskinen.csproj", "{A2AE0F7F-FE25-44FE-8B39-97351B816532}"
EndProject
Global
	GlobalSection(SolutionConfigurationPlatforms) = preSolution
		Debug|Any CPU = Debug|Any CPU
		Release|Any CPU = Release|Any CPU
	EndGlobalSection
	GlobalSection(ProjectConfigurationPlatforms) = postSolution
		{A2AE0F7F-FE25-44FE-8B39-97351B816532}.Debug|Any CPU.ActiveCfg = Debug|Any CPU
		{A2AE0F7F-FE25-44FE-8B39-97351B816532}.Debug|Any CPU.Build.0 = Debug|Any CPU
		{A2AE0F7F-FE25-44FE-8B39-97351B816532}.Release|Any CPU.ActiveCfg = Release|Any CPU
		{A2AE0F7F-FE25-44FE-8B39-97351B816532}.Release|Any CPU.Build.0 = Release|Any CPU
	EndGlobalSection
	GlobalSection(SolutionProperties) = preSolution
		HideSolutionNode = FALSE
	EndGlobalSection
	GlobalSection(ExtensibilityGlobals) = postSolution
		SolutionGuid = {685D2F96-DC33-4F51-AA77-5532F8028611}
	EndGlobalSection
EndGlobal
